
Microsoft Visual Studio Solution File, Format Version 12.00
# Visual Studio Version 17
VisualStudioVersion = 17.3.32901.215
MinimumVisualStudioVersion = 10.0.40219.1
Project("{9A19103F-16F7-4668-BE54-9A1E7A4F7556}") = "Desafio1.NET", "Desafio.NET\Desafio1.NET.csproj", "{EDDF36EB-5915-4523-93FA-83A76952AF35}"
EndProject
Project("{9A19103F-16F7-4668-BE54-9A1E7A4F7556}") = "Teste2", "Teste2\Teste2.csproj", "{2B5D2A19-EAA8-4F71-9052-2722B0EAD881}"
EndProject
Project("{9A19103F-16F7-4668-BE54-9A1E7A4F7556}") = "Teste 3", "Teste 3\Teste 3.csproj", "{CAFC89D3-2463-435E-B47D-AC0262C42156}"
EndProject
Project("{9A19103F-16F7-4668-BE54-9A1E7A4F7556}") = "Testes04e05", "Teste04\Testes04e05.csproj", "{68DD6368-0AE7-48C4-BBF3-213283D7DBE3}"
EndProject
Global
	GlobalSection(SolutionConfigurationPlatforms) = preSolution
		Debug|Any CPU = Debug|Any CPU
		Release|Any CPU = Release|Any CPU
	EndGlobalSection
	GlobalSection(ProjectConfigurationPlatforms) = postSolution
		{EDDF36EB-5915-4523-93FA-83A76952AF35}.Debug|Any CPU.ActiveCfg = Debug|Any CPU
		{EDDF36EB-5915-4523-93FA-83A76952AF35}.Debug|Any CPU.Build.0 = Debug|Any CPU
		{EDDF36EB-5915-4523-93FA-83A76952AF35}.Release|Any CPU.ActiveCfg = Release|Any CPU
		{EDDF36EB-5915-4523-93FA-83A76952AF35}.Release|Any CPU.Build.0 = Release|Any CPU
		{2B5D2A19-EAA8-4F71-9052-2722B0EAD881}.Debug|Any CPU.ActiveCfg = Debug|Any CPU
		{2B5D2A19-EAA8-4F71-9052-2722B0EAD881}.Debug|Any CPU.Build.0 = Debug|Any CPU
		{2B5D2A19-EAA8-4F71-9052-2722B0EAD881}.Release|Any CPU.ActiveCfg = Release|Any CPU
		{2B5D2A19-EAA8-4F71-9052-2722B0EAD881}.Release|Any CPU.Build.0 = Release|Any CPU
		{CAFC89D3-2463-435E-B47D-AC0262C42156}.Debug|Any CPU.ActiveCfg = Debug|Any CPU
		{CAFC89D3-2463-435E-B47D-AC0262C42156}.Debug|Any CPU.Build.0 = Debug|Any CPU
		{CAFC89D3-2463-435E-B47D-AC0262C42156}.Release|Any CPU.ActiveCfg = Release|Any CPU
		{CAFC89D3-2463-435E-B47D-AC0262C42156}.Release|Any CPU.Build.0 = Release|Any CPU
		{68DD6368-0AE7-48C4-BBF3-213283D7DBE3}.Debug|Any CPU.ActiveCfg = Debug|Any CPU
		{68DD6368-0AE7-48C4-BBF3-213283D7DBE3}.Debug|Any CPU.Build.0 = Debug|Any CPU
		{68DD6368-0AE7-48C4-BBF3-213283D7DBE3}.Release|Any CPU.ActiveCfg = Release|Any CPU
		{68DD6368-0AE7-48C4-BBF3-213283D7DBE3}.Release|Any CPU.Build.0 = Release|Any CPU
	EndGlobalSection
	GlobalSection(SolutionProperties) = preSolution
		HideSolutionNode = FALSE
	EndGlobalSection
	GlobalSection(ExtensibilityGlobals) = postSolution
		SolutionGuid = {B724540F-2A28-4C47-B5DC-7259387ECECA}
	EndGlobalSection
EndGlobal
